
Microsoft Visual Studio Solution File, Format Version 12.00
# Visual Studio Version 17
VisualStudioVersion = 17.3.32929.385
MinimumVisualStudioVersion = 10.0.40219.1
Project("{FAE04EC0-301F-11D3-BF4B-00C04F79EFBC}") = "szamlaDB", "szamlaDB\szamlaDB.csproj", "{D35A956C-1E62-405F-8322-7CAC51EA5A83}"
EndProject
Global
	GlobalSection(SolutionConfigurationPlatforms) = preSolution
		Debug|Any CPU = Debug|Any CPU
		Release|Any CPU = Release|Any CPU
	EndGlobalSection
	GlobalSection(ProjectConfigurationPlatforms) = postSolution
		{D35A956C-1E62-405F-8322-7CAC51EA5A83}.Debug|Any CPU.ActiveCfg = Debug|Any CPU
		{D35A956C-1E62-405F-8322-7CAC51EA5A83}.Debug|Any CPU.Build.0 = Debug|Any CPU
		{D35A956C-1E62-405F-8322-7CAC51EA5A83}.Release|Any CPU.ActiveCfg = Release|Any CPU
		{D35A956C-1E62-405F-8322-7CAC51EA5A83}.Release|Any CPU.Build.0 = Release|Any CPU
	EndGlobalSection
	GlobalSection(SolutionProperties) = preSolution
		HideSolutionNode = FALSE
	EndGlobalSection
	GlobalSection(ExtensibilityGlobals) = postSolution
		SolutionGuid = {D7C23C60-C608-4963-B2D0-3086FE5A667C}
	EndGlobalSection
EndGlobal
